
Microsoft Visual Studio Solution File, Format Version 12.00
# Visual Studio Version 16
VisualStudioVersion = 16.0.30011.22
MinimumVisualStudioVersion = 10.0.40219.1
Project("{9A19103F-16F7-4668-BE54-9A1E7A4F7556}") = "MergeSample", "MergeSample\MergeSample.csproj", "{641077D1-6C1E-45EB-AE4E-178A0208917A}"
EndProject
Project("{9A19103F-16F7-4668-BE54-9A1E7A4F7556}") = "MergeSampleTests", "MergeSampleTests\MergeSampleTests.csproj", "{FDB88190-8CC6-44CF-8CC0-EA6D0DDDD9D9}"
EndProject
Project("{2150E333-8FDC-42A3-9474-1A3956D46DE8}") = "Solution Items", "Solution Items", "{BAB260BB-9447-4E73-A7C9-227C69D23A9B}"
	ProjectSection(SolutionItems) = preProject
		.editorconfig = .editorconfig
	EndProjectSection
EndProject
Global
	GlobalSection(SolutionConfigurationPlatforms) = preSolution
		Debug|Any CPU = Debug|Any CPU
		Release|Any CPU = Release|Any CPU
	EndGlobalSection
	GlobalSection(ProjectConfigurationPlatforms) = postSolution
		{641077D1-6C1E-45EB-AE4E-178A0208917A}.Debug|Any CPU.ActiveCfg = Debug|Any CPU
		{641077D1-6C1E-45EB-AE4E-178A0208917A}.Debug|Any CPU.Build.0 = Debug|Any CPU
		{641077D1-6C1E-45EB-AE4E-178A0208917A}.Release|Any CPU.ActiveCfg = Release|Any CPU
		{641077D1-6C1E-45EB-AE4E-178A0208917A}.Release|Any CPU.Build.0 = Release|Any CPU
		{FDB88190-8CC6-44CF-8CC0-EA6D0DDDD9D9}.Debug|Any CPU.ActiveCfg = Debug|Any CPU
		{FDB88190-8CC6-44CF-8CC0-EA6D0DDDD9D9}.Debug|Any CPU.Build.0 = Debug|Any CPU
		{FDB88190-8CC6-44CF-8CC0-EA6D0DDDD9D9}.Release|Any CPU.ActiveCfg = Release|Any CPU
		{FDB88190-8CC6-44CF-8CC0-EA6D0DDDD9D9}.Release|Any CPU.Build.0 = Release|Any CPU
	EndGlobalSection
	GlobalSection(SolutionProperties) = preSolution
		HideSolutionNode = FALSE
	EndGlobalSection
	GlobalSection(ExtensibilityGlobals) = postSolution
		SolutionGuid = {BD9B291B-1BDC-4384-9F33-ABBB68FA50D4}
	EndGlobalSection
EndGlobal
